
Microsoft Visual Studio Solution File, Format Version 12.00
# Visual Studio 15
VisualStudioVersion = 15.0.28307.1259
MinimumVisualStudioVersion = 10.0.40219.1
Project("{FAE04EC0-301F-11D3-BF4B-00C04F79EFBC}") = "ClientProxy-P4-20180140047", "ClientProxy-P4-20180140047\ClientProxy-P4-20180140047.csproj", "{B08134A4-6F9F-4F45-95D9-0AC3EA84AD05}"
EndProject
Global
	GlobalSection(SolutionConfigurationPlatforms) = preSolution
		Debug|Any CPU = Debug|Any CPU
		Release|Any CPU = Release|Any CPU
	EndGlobalSection
	GlobalSection(ProjectConfigurationPlatforms) = postSolution
		{B08134A4-6F9F-4F45-95D9-0AC3EA84AD05}.Debug|Any CPU.ActiveCfg = Debug|Any CPU
		{B08134A4-6F9F-4F45-95D9-0AC3EA84AD05}.Debug|Any CPU.Build.0 = Debug|Any CPU
		{B08134A4-6F9F-4F45-95D9-0AC3EA84AD05}.Release|Any CPU.ActiveCfg = Release|Any CPU
		{B08134A4-6F9F-4F45-95D9-0AC3EA84AD05}.Release|Any CPU.Build.0 = Release|Any CPU
	EndGlobalSection
	GlobalSection(SolutionProperties) = preSolution
		HideSolutionNode = FALSE
	EndGlobalSection
	GlobalSection(ExtensibilityGlobals) = postSolution
		SolutionGuid = {0994EA05-FD86-451D-BC7F-66E2B1A7A5D7}
	EndGlobalSection
EndGlobal
